
Microsoft Visual Studio Solution File, Format Version 12.00
# Visual Studio Version 16
VisualStudioVersion = 16.0.32228.343
MinimumVisualStudioVersion = 10.0.40219.1
Project("{FAE04EC0-301F-11D3-BF4B-00C04F79EFBC}") = "PS_project12_MVC", "PS_project12_MVC\PS_project12_MVC.csproj", "{ECD7CE25-9C02-4A28-B617-E22C27BFE9F4}"
EndProject
Global
	GlobalSection(SolutionConfigurationPlatforms) = preSolution
		Debug|Any CPU = Debug|Any CPU
		Release|Any CPU = Release|Any CPU
	EndGlobalSection
	GlobalSection(ProjectConfigurationPlatforms) = postSolution
		{ECD7CE25-9C02-4A28-B617-E22C27BFE9F4}.Debug|Any CPU.ActiveCfg = Debug|Any CPU
		{ECD7CE25-9C02-4A28-B617-E22C27BFE9F4}.Debug|Any CPU.Build.0 = Debug|Any CPU
		{ECD7CE25-9C02-4A28-B617-E22C27BFE9F4}.Release|Any CPU.ActiveCfg = Release|Any CPU
		{ECD7CE25-9C02-4A28-B617-E22C27BFE9F4}.Release|Any CPU.Build.0 = Release|Any CPU
	EndGlobalSection
	GlobalSection(SolutionProperties) = preSolution
		HideSolutionNode = FALSE
	EndGlobalSection
	GlobalSection(ExtensibilityGlobals) = postSolution
		SolutionGuid = {4510585A-CC6C-4BCF-BCC8-F109750F91FD}
	EndGlobalSection
EndGlobal
